
Microsoft Visual Studio Solution File, Format Version 12.00
# Visual Studio Version 17
VisualStudioVersion = 17.13.35818.85 d17.13
MinimumVisualStudioVersion = 10.0.40219.1
Project("{FAE04EC0-301F-11D3-BF4B-00C04F79EFBC}") = "modul3_103022300046", "modul3_103022300046.csproj", "{7BEEFD7A-E7BB-4B66-8607-3F45CDC03BDA}"
EndProject
Global
	GlobalSection(SolutionConfigurationPlatforms) = preSolution
		Debug|Any CPU = Debug|Any CPU
		Release|Any CPU = Release|Any CPU
	EndGlobalSection
	GlobalSection(ProjectConfigurationPlatforms) = postSolution
		{7BEEFD7A-E7BB-4B66-8607-3F45CDC03BDA}.Debug|Any CPU.ActiveCfg = Debug|Any CPU
		{7BEEFD7A-E7BB-4B66-8607-3F45CDC03BDA}.Debug|Any CPU.Build.0 = Debug|Any CPU
		{7BEEFD7A-E7BB-4B66-8607-3F45CDC03BDA}.Release|Any CPU.ActiveCfg = Release|Any CPU
		{7BEEFD7A-E7BB-4B66-8607-3F45CDC03BDA}.Release|Any CPU.Build.0 = Release|Any CPU
	EndGlobalSection
	GlobalSection(SolutionProperties) = preSolution
		HideSolutionNode = FALSE
	EndGlobalSection
	GlobalSection(ExtensibilityGlobals) = postSolution
		SolutionGuid = {7662F8B0-50CC-4C1D-895E-513932A919B3}
	EndGlobalSection
EndGlobal
